
Microsoft Visual Studio Solution File, Format Version 12.00
# Visual Studio 14
VisualStudioVersion = 14.0.25420.1
MinimumVisualStudioVersion = 10.0.40219.1
Project("{FAE04EC0-301F-11D3-BF4B-00C04F79EFBC}") = "Codisa.InterwayDocs.WisejWeb", "Codisa.InterwayDocs.WisejWeb\Codisa.InterwayDocs.WisejWeb.csproj", "{BA22EE1E-C853-40B1-A5C1-ED2B10300AC8}"
EndProject
Project("{FAE04EC0-301F-11D3-BF4B-00C04F79EFBC}") = "Codisa.InterwayDocs.WindowsForms", "Codisa.InterwayDocs.WindowsForms\Codisa.InterwayDocs.WindowsForms.csproj", "{3BA68A1A-EE69-4FA8-AAA1-1DA324055CAD}"
EndProject
Project("{FAE04EC0-301F-11D3-BF4B-00C04F79EFBC}") = "Codisa.InterwayDocs.Business", "Codisa.InterwayDocs.Business\Codisa.InterwayDocs.Business.csproj", "{BB691219-F5A9-493D-BA15-853D3AD8500A}"
EndProject
Project("{FAE04EC0-301F-11D3-BF4B-00C04F79EFBC}") = "Codisa.InterwayDocs.Rules", "Codisa.InterwayDocs.Rules\Codisa.InterwayDocs.Rules.csproj", "{BB2CCD46-4B03-477D-ACC7-AABBF15F9245}"
EndProject
Project("{FAE04EC0-301F-11D3-BF4B-00C04F79EFBC}") = "Codisa.InterwayDocs.Configuration", "Codisa.InterwayDocs.Configuration\Codisa.InterwayDocs.Configuration.csproj", "{8F384B5E-C997-41EF-A22A-B72C59C2315C}"
EndProject
Project("{FAE04EC0-301F-11D3-BF4B-00C04F79EFBC}") = "Codisa.InterwayDocs.Setup", "Codisa.InterwayDocs.Setup\Codisa.InterwayDocs.Setup.csproj", "{961A830A-CD0B-4C64-A035-12A6E4947D57}"
EndProject
Project("{2150E333-8FDC-42A3-9474-1A3956D46DE8}") = "Solution Items", "Solution Items", "{4017396F-90F3-467E-BB87-D8352122A6DA}"
	ProjectSection(SolutionItems) = preProject
		How to run.txt = How to run.txt
	EndProjectSection
EndProject
Project("{FAE04EC0-301F-11D3-BF4B-00C04F79EFBC}") = "InterwayDocs.Chrome", "InterwayDocs.Chrome\InterwayDocs.Chrome.csproj", "{8F7868FF-A25D-4958-8912-908A44F5077E}"
	ProjectSection(ProjectDependencies) = postProject
		{BA22EE1E-C853-40B1-A5C1-ED2B10300AC8} = {BA22EE1E-C853-40B1-A5C1-ED2B10300AC8}
	EndProjectSection
EndProject
Project("{2150E333-8FDC-42A3-9474-1A3956D46DE8}") = "- Framework projetcs", "- Framework projetcs", "{DD52AE90-D713-4E50-9441-384E89858BE4}"
EndProject
Project("{FAE04EC0-301F-11D3-BF4B-00C04F79EFBC}") = "MvvmFx.Logging.Net45", "..\..\MvvmFx\Source\Logging\MvvmFx.Logging.Net45\MvvmFx.Logging.Net45.csproj", "{72623D05-B8DB-404E-81B3-17EF258579E0}"
EndProject
Project("{FAE04EC0-301F-11D3-BF4B-00C04F79EFBC}") = "MvvmFx.NLogLogger.Net45", "..\..\MvvmFx\Source\Logging\MvvmFx.NLogLogger.Net45\MvvmFx.NLogLogger.Net45.csproj", "{882D7D0B-5057-450D-9F23-FEA7773CBAE8}"
EndProject
Project("{FAE04EC0-301F-11D3-BF4B-00C04F79EFBC}") = "MvvmFx.DataBinding.WisejWeb.Net45", "..\..\MvvmFx\Source\Binding\MvvmFx.DataBinding.WisejWeb.Net45\MvvmFx.DataBinding.WisejWeb.Net45.csproj", "{41ADBEE4-19F6-40F8-A10A-6BEB7DB842CF}"
EndProject
Project("{FAE04EC0-301F-11D3-BF4B-00C04F79EFBC}") = "CaliburnMicro.WisejWeb.Net45", "..\..\MvvmFx\Source\CaliburnMicro\CaliburnMicro.WisejWeb.Net45\CaliburnMicro.WisejWeb.Net45.csproj", "{1CA317B0-D30D-494B-83A4-20FBBBE71E22}"
EndProject
Project("{FAE04EC0-301F-11D3-BF4B-00C04F79EFBC}") = "CaliburnMicro.WisejWeb.Toolable.Net45", "..\..\MvvmFx\Source\CaliburnMicro\CaliburnMicro.WisejWeb.Toolable.Net45\CaliburnMicro.WisejWeb.Toolable.Net45.csproj", "{0F434091-C0B8-4389-A0E6-C05ABBD681EB}"
EndProject
Project("{FAE04EC0-301F-11D3-BF4B-00C04F79EFBC}") = "CaliburnMicro.Csla.WisejWeb.Net45", "..\..\MvvmFx\Source\CaliburnMicro\CaliburnMicro.Csla.WisejWeb.Net45\CaliburnMicro.Csla.WisejWeb.Net45.csproj", "{2B41E1CD-7D7B-4B56-9A54-3D46BD9C1330}"
EndProject
Global
	GlobalSection(SolutionConfigurationPlatforms) = preSolution
		Debug|Any CPU = Debug|Any CPU
		Debug|x64 = Debug|x64
		Release|Any CPU = Release|Any CPU
		Release|x64 = Release|x64
	EndGlobalSection
	GlobalSection(ProjectConfigurationPlatforms) = postSolution
		{BA22EE1E-C853-40B1-A5C1-ED2B10300AC8}.Debug|Any CPU.ActiveCfg = Debug|Any CPU
		{BA22EE1E-C853-40B1-A5C1-ED2B10300AC8}.Debug|Any CPU.Build.0 = Debug|Any CPU
		{BA22EE1E-C853-40B1-A5C1-ED2B10300AC8}.Debug|x64.ActiveCfg = Debug|Any CPU
		{BA22EE1E-C853-40B1-A5C1-ED2B10300AC8}.Debug|x64.Build.0 = Debug|Any CPU
		{BA22EE1E-C853-40B1-A5C1-ED2B10300AC8}.Release|Any CPU.ActiveCfg = Release|Any CPU
		{BA22EE1E-C853-40B1-A5C1-ED2B10300AC8}.Release|Any CPU.Build.0 = Release|Any CPU
		{BA22EE1E-C853-40B1-A5C1-ED2B10300AC8}.Release|x64.ActiveCfg = Release|Any CPU
		{BA22EE1E-C853-40B1-A5C1-ED2B10300AC8}.Release|x64.Build.0 = Release|Any CPU
		{3BA68A1A-EE69-4FA8-AAA1-1DA324055CAD}.Debug|Any CPU.ActiveCfg = Debug|Any CPU
		{3BA68A1A-EE69-4FA8-AAA1-1DA324055CAD}.Debug|Any CPU.Build.0 = Debug|Any CPU
		{3BA68A1A-EE69-4FA8-AAA1-1DA324055CAD}.Debug|x64.ActiveCfg = Debug|Any CPU
		{3BA68A1A-EE69-4FA8-AAA1-1DA324055CAD}.Debug|x64.Build.0 = Debug|Any CPU
		{3BA68A1A-EE69-4FA8-AAA1-1DA324055CAD}.Release|Any CPU.ActiveCfg = Release|Any CPU
		{3BA68A1A-EE69-4FA8-AAA1-1DA324055CAD}.Release|Any CPU.Build.0 = Release|Any CPU
		{3BA68A1A-EE69-4FA8-AAA1-1DA324055CAD}.Release|x64.ActiveCfg = Release|Any CPU
		{3BA68A1A-EE69-4FA8-AAA1-1DA324055CAD}.Release|x64.Build.0 = Release|Any CPU
		{BB691219-F5A9-493D-BA15-853D3AD8500A}.Debug|Any CPU.ActiveCfg = Debug|Any CPU
		{BB691219-F5A9-493D-BA15-853D3AD8500A}.Debug|Any CPU.Build.0 = Debug|Any CPU
		{BB691219-F5A9-493D-BA15-853D3AD8500A}.Debug|x64.ActiveCfg = Debug|Any CPU
		{BB691219-F5A9-493D-BA15-853D3AD8500A}.Debug|x64.Build.0 = Debug|Any CPU
		{BB691219-F5A9-493D-BA15-853D3AD8500A}.Release|Any CPU.ActiveCfg = Release|Any CPU
		{BB691219-F5A9-493D-BA15-853D3AD8500A}.Release|Any CPU.Build.0 = Release|Any CPU
		{BB691219-F5A9-493D-BA15-853D3AD8500A}.Release|x64.ActiveCfg = Release|Any CPU
		{BB691219-F5A9-493D-BA15-853D3AD8500A}.Release|x64.Build.0 = Release|Any CPU
		{BB2CCD46-4B03-477D-ACC7-AABBF15F9245}.Debug|Any CPU.ActiveCfg = Debug|Any CPU
		{BB2CCD46-4B03-477D-ACC7-AABBF15F9245}.Debug|Any CPU.Build.0 = Debug|Any CPU
		{BB2CCD46-4B03-477D-ACC7-AABBF15F9245}.Debug|x64.ActiveCfg = Debug|Any CPU
		{BB2CCD46-4B03-477D-ACC7-AABBF15F9245}.Debug|x64.Build.0 = Debug|Any CPU
		{BB2CCD46-4B03-477D-ACC7-AABBF15F9245}.Release|Any CPU.ActiveCfg = Release|Any CPU
		{BB2CCD46-4B03-477D-ACC7-AABBF15F9245}.Release|Any CPU.Build.0 = Release|Any CPU
		{BB2CCD46-4B03-477D-ACC7-AABBF15F9245}.Release|x64.ActiveCfg = Release|Any CPU
		{BB2CCD46-4B03-477D-ACC7-AABBF15F9245}.Release|x64.Build.0 = Release|Any CPU
		{8F384B5E-C997-41EF-A22A-B72C59C2315C}.Debug|Any CPU.ActiveCfg = Debug|Any CPU
		{8F384B5E-C997-41EF-A22A-B72C59C2315C}.Debug|Any CPU.Build.0 = Debug|Any CPU
		{8F384B5E-C997-41EF-A22A-B72C59C2315C}.Debug|x64.ActiveCfg = Debug|Any CPU
		{8F384B5E-C997-41EF-A22A-B72C59C2315C}.Debug|x64.Build.0 = Debug|Any CPU
		{8F384B5E-C997-41EF-A22A-B72C59C2315C}.Release|Any CPU.ActiveCfg = Release|Any CPU
		{8F384B5E-C997-41EF-A22A-B72C59C2315C}.Release|Any CPU.Build.0 = Release|Any CPU
		{8F384B5E-C997-41EF-A22A-B72C59C2315C}.Release|x64.ActiveCfg = Release|Any CPU
		{8F384B5E-C997-41EF-A22A-B72C59C2315C}.Release|x64.Build.0 = Release|Any CPU
		{961A830A-CD0B-4C64-A035-12A6E4947D57}.Debug|Any CPU.ActiveCfg = Debug|Any CPU
		{961A830A-CD0B-4C64-A035-12A6E4947D57}.Debug|Any CPU.Build.0 = Debug|Any CPU
		{961A830A-CD0B-4C64-A035-12A6E4947D57}.Debug|x64.ActiveCfg = Debug|Any CPU
		{961A830A-CD0B-4C64-A035-12A6E4947D57}.Debug|x64.Build.0 = Debug|Any CPU
		{961A830A-CD0B-4C64-A035-12A6E4947D57}.Release|Any CPU.ActiveCfg = Release|Any CPU
		{961A830A-CD0B-4C64-A035-12A6E4947D57}.Release|Any CPU.Build.0 = Release|Any CPU
		{961A830A-CD0B-4C64-A035-12A6E4947D57}.Release|x64.ActiveCfg = Release|Any CPU
		{961A830A-CD0B-4C64-A035-12A6E4947D57}.Release|x64.Build.0 = Release|Any CPU
		{8F7868FF-A25D-4958-8912-908A44F5077E}.Debug|Any CPU.ActiveCfg = Debug|Any CPU
		{8F7868FF-A25D-4958-8912-908A44F5077E}.Debug|Any CPU.Build.0 = Debug|Any CPU
		{8F7868FF-A25D-4958-8912-908A44F5077E}.Debug|x64.ActiveCfg = Debug|x64
		{8F7868FF-A25D-4958-8912-908A44F5077E}.Debug|x64.Build.0 = Debug|x64
		{8F7868FF-A25D-4958-8912-908A44F5077E}.Release|Any CPU.ActiveCfg = Release|Any CPU
		{8F7868FF-A25D-4958-8912-908A44F5077E}.Release|Any CPU.Build.0 = Release|Any CPU
		{8F7868FF-A25D-4958-8912-908A44F5077E}.Release|x64.ActiveCfg = Release|x64
		{8F7868FF-A25D-4958-8912-908A44F5077E}.Release|x64.Build.0 = Release|x64
		{72623D05-B8DB-404E-81B3-17EF258579E0}.Debug|Any CPU.ActiveCfg = Debug|Any CPU
		{72623D05-B8DB-404E-81B3-17EF258579E0}.Debug|Any CPU.Build.0 = Debug|Any CPU
		{72623D05-B8DB-404E-81B3-17EF258579E0}.Debug|x64.ActiveCfg = Debug|Any CPU
		{72623D05-B8DB-404E-81B3-17EF258579E0}.Debug|x64.Build.0 = Debug|Any CPU
		{72623D05-B8DB-404E-81B3-17EF258579E0}.Release|Any CPU.ActiveCfg = Release|Any CPU
		{72623D05-B8DB-404E-81B3-17EF258579E0}.Release|Any CPU.Build.0 = Release|Any CPU
		{72623D05-B8DB-404E-81B3-17EF258579E0}.Release|x64.ActiveCfg = Release|Any CPU
		{72623D05-B8DB-404E-81B3-17EF258579E0}.Release|x64.Build.0 = Release|Any CPU
		{882D7D0B-5057-450D-9F23-FEA7773CBAE8}.Debug|Any CPU.ActiveCfg = Debug|Any CPU
		{882D7D0B-5057-450D-9F23-FEA7773CBAE8}.Debug|Any CPU.Build.0 = Debug|Any CPU
		{882D7D0B-5057-450D-9F23-FEA7773CBAE8}.Debug|x64.ActiveCfg = Debug|Any CPU
		{882D7D0B-5057-450D-9F23-FEA7773CBAE8}.Debug|x64.Build.0 = Debug|Any CPU
		{882D7D0B-5057-450D-9F23-FEA7773CBAE8}.Release|Any CPU.ActiveCfg = Release|Any CPU
		{882D7D0B-5057-450D-9F23-FEA7773CBAE8}.Release|Any CPU.Build.0 = Release|Any CPU
		{882D7D0B-5057-450D-9F23-FEA7773CBAE8}.Release|x64.ActiveCfg = Release|Any CPU
		{882D7D0B-5057-450D-9F23-FEA7773CBAE8}.Release|x64.Build.0 = Release|Any CPU
		{41ADBEE4-19F6-40F8-A10A-6BEB7DB842CF}.Debug|Any CPU.ActiveCfg = Debug|Any CPU
		{41ADBEE4-19F6-40F8-A10A-6BEB7DB842CF}.Debug|Any CPU.Build.0 = Debug|Any CPU
		{41ADBEE4-19F6-40F8-A10A-6BEB7DB842CF}.Debug|x64.ActiveCfg = Debug|Any CPU
		{41ADBEE4-19F6-40F8-A10A-6BEB7DB842CF}.Debug|x64.Build.0 = Debug|Any CPU
		{41ADBEE4-19F6-40F8-A10A-6BEB7DB842CF}.Release|Any CPU.ActiveCfg = Release|Any CPU
		{41ADBEE4-19F6-40F8-A10A-6BEB7DB842CF}.Release|Any CPU.Build.0 = Release|Any CPU
		{41ADBEE4-19F6-40F8-A10A-6BEB7DB842CF}.Release|x64.ActiveCfg = Release|Any CPU
		{41ADBEE4-19F6-40F8-A10A-6BEB7DB842CF}.Release|x64.Build.0 = Release|Any CPU
		{1CA317B0-D30D-494B-83A4-20FBBBE71E22}.Debug|Any CPU.ActiveCfg = Debug|Any CPU
		{1CA317B0-D30D-494B-83A4-20FBBBE71E22}.Debug|Any CPU.Build.0 = Debug|Any CPU
		{1CA317B0-D30D-494B-83A4-20FBBBE71E22}.Debug|x64.ActiveCfg = Debug|Any CPU
		{1CA317B0-D30D-494B-83A4-20FBBBE71E22}.Debug|x64.Build.0 = Debug|Any CPU
		{1CA317B0-D30D-494B-83A4-20FBBBE71E22}.Release|Any CPU.ActiveCfg = Release|Any CPU
		{1CA317B0-D30D-494B-83A4-20FBBBE71E22}.Release|Any CPU.Build.0 = Release|Any CPU
		{1CA317B0-D30D-494B-83A4-20FBBBE71E22}.Release|x64.ActiveCfg = Release|Any CPU
		{1CA317B0-D30D-494B-83A4-20FBBBE71E22}.Release|x64.Build.0 = Release|Any CPU
		{0F434091-C0B8-4389-A0E6-C05ABBD681EB}.Debug|Any CPU.ActiveCfg = Debug|Any CPU
		{0F434091-C0B8-4389-A0E6-C05ABBD681EB}.Debug|Any CPU.Build.0 = Debug|Any CPU
		{0F434091-C0B8-4389-A0E6-C05ABBD681EB}.Debug|x64.ActiveCfg = Debug|Any CPU
		{0F434091-C0B8-4389-A0E6-C05ABBD681EB}.Debug|x64.Build.0 = Debug|Any CPU
		{0F434091-C0B8-4389-A0E6-C05ABBD681EB}.Release|Any CPU.ActiveCfg = Release|Any CPU
		{0F434091-C0B8-4389-A0E6-C05ABBD681EB}.Release|Any CPU.Build.0 = Release|Any CPU
		{0F434091-C0B8-4389-A0E6-C05ABBD681EB}.Release|x64.ActiveCfg = Release|Any CPU
		{0F434091-C0B8-4389-A0E6-C05ABBD681EB}.Release|x64.Build.0 = Release|Any CPU
		{2B41E1CD-7D7B-4B56-9A54-3D46BD9C1330}.Debug|Any CPU.ActiveCfg = Debug|Any CPU
		{2B41E1CD-7D7B-4B56-9A54-3D46BD9C1330}.Debug|Any CPU.Build.0 = Debug|Any CPU
		{2B41E1CD-7D7B-4B56-9A54-3D46BD9C1330}.Debug|x64.ActiveCfg = Debug|Any CPU
		{2B41E1CD-7D7B-4B56-9A54-3D46BD9C1330}.Debug|x64.Build.0 = Debug|Any CPU
		{2B41E1CD-7D7B-4B56-9A54-3D46BD9C1330}.Release|Any CPU.ActiveCfg = Release|Any CPU
		{2B41E1CD-7D7B-4B56-9A54-3D46BD9C1330}.Release|Any CPU.Build.0 = Release|Any CPU
		{2B41E1CD-7D7B-4B56-9A54-3D46BD9C1330}.Release|x64.ActiveCfg = Release|Any CPU
		{2B41E1CD-7D7B-4B56-9A54-3D46BD9C1330}.Release|x64.Build.0 = Release|Any CPU
	EndGlobalSection
	GlobalSection(SolutionProperties) = preSolution
		HideSolutionNode = FALSE
	EndGlobalSection
	GlobalSection(NestedProjects) = preSolution
		{72623D05-B8DB-404E-81B3-17EF258579E0} = {DD52AE90-D713-4E50-9441-384E89858BE4}
		{882D7D0B-5057-450D-9F23-FEA7773CBAE8} = {DD52AE90-D713-4E50-9441-384E89858BE4}
		{41ADBEE4-19F6-40F8-A10A-6BEB7DB842CF} = {DD52AE90-D713-4E50-9441-384E89858BE4}
		{1CA317B0-D30D-494B-83A4-20FBBBE71E22} = {DD52AE90-D713-4E50-9441-384E89858BE4}
		{0F434091-C0B8-4389-A0E6-C05ABBD681EB} = {DD52AE90-D713-4E50-9441-384E89858BE4}
		{2B41E1CD-7D7B-4B56-9A54-3D46BD9C1330} = {DD52AE90-D713-4E50-9441-384E89858BE4}
	EndGlobalSection
EndGlobal
